lockfileVersion: '6.0'

settings:
  autoInstallPeers: true
  excludeLinksFromLockfile: false

dependencies:
  element-plus:
    specifier: ^2.4.1
    version: 2.4.1(vue@3.2.33)
  vditor:
    specifier: ^3.9.6
    version: 3.9.6
  vue:
    specifier: ^3.2.25
    version: 3.2.33

devDependencies:
  '@vitejs/plugin-vue':
    specifier: ^2.3.1
    version: 2.3.2(vite@2.9.8)(vue@3.2.33)
  unplugin-auto-import:
    specifier: ^0.16.7
    version: 0.16.7
  unplugin-element-plus:
    specifier: ^0.8.0
    version: 0.8.0
  unplugin-vue-components:
    specifier: ^0.25.2
    version: 0.25.2(vue@3.2.33)
  vite:
    specifier: ^2.9.7
    version: 2.9.8

packages:

  /@antfu/utils@0.7.6:
    resolution: {integrity: sha512-pvFiLP2BeOKA/ZOS6jxx4XhKzdVLHDhGlFEaZ2flWWYf2xOqVniqpk38I04DFRyz+L0ASggl7SkItTc+ZLju4w==}
    dev: true

  /@babel/helper-string-parser@7.22.5:
    resolution: {integrity: sha512-mM4COjgZox8U+JcXQwPijIZLElkgEpO5rsERVDJTc2qfCDfERyob6k5WegS14SX18IIjv+XD+GrqNumY5JRCDw==}
    engines: {node: '>=6.9.0'}

  /@babel/helper-validator-identifier@7.22.20:
    resolution: {integrity: sha512-Y4OZ+ytlatR8AI+8KZfKuL5urKp7qey08ha31L8b3BwewJAoJamTzyvxPR/5D+KkdJCGPq/+8TukHBlY10FX9A==}
    engines: {node: '>=6.9.0'}

  /@babel/parser@7.17.10:
    resolution: {integrity: sha512-n2Q6i+fnJqzOaq2VkdXxy2TCPCWQZHiCo0XqmrCvDWcZQKRyZzYi4Z0yxlBuN0w+r2ZHmre+Q087DSrw3pbJDQ==}
    engines: {node: '>=6.0.0'}
    hasBin: true
    dependencies:
      '@babel/types': 7.23.0

  /@babel/types@7.23.0:
    resolution: {integrity: sha512-0oIyUfKoI3mSqMvsxBdclDwxXKXAUA8v/apZbc+iSyARYou1o8ZGDxbUYyLFoW2arqS2jDGqJuZvv1d/io1axg==}
    engines: {node: '>=6.9.0'}
    dependencies:
      '@babel/helper-string-parser': 7.22.5
      '@babel/helper-validator-identifier': 7.22.20
      to-fast-properties: 2.0.0

  /@ctrl/tinycolor@3.6.1:
    resolution: {integrity: sha512-SITSV6aIXsuVNV3f3O0f2n/cgyEDWoSqtZMYiAmcsYHydcKrOz3gUxB/iXd/Qf08+IZX4KpgNbvUdMBmWz+kcA==}
    engines: {node: '>=10'}
    dev: false

  /@element-plus/icons-vue@2.1.0(vue@3.2.33):
    resolution: {integrity: sha512-PSBn3elNoanENc1vnCfh+3WA9fimRC7n+fWkf3rE5jvv+aBohNHABC/KAR5KWPecxWxDTVT1ERpRbOMRcOV/vA==}
    peerDependencies:
      vue: ^3.2.0
    dependencies:
      vue: 3.2.33
    dev: false

  /@floating-ui/core@1.5.0:
    resolution: {integrity: sha512-kK1h4m36DQ0UHGj5Ah4db7R0rHemTqqO0QLvUqi1/mUUp3LuAWbWxdxSIf/XsnH9VS6rRVPLJCncjRzUvyCLXg==}
    dependencies:
      '@floating-ui/utils': 0.1.6
    dev: false

  /@floating-ui/dom@1.5.3:
    resolution: {integrity: sha512-ClAbQnEqJAKCJOEbbLo5IUlZHkNszqhuxS4fHAVxRPXPya6Ysf2G8KypnYcOTpx6I8xcgF9bbHb6g/2KpbV8qA==}
    dependencies:
      '@floating-ui/core': 1.5.0
      '@floating-ui/utils': 0.1.6
    dev: false

  /@floating-ui/utils@0.1.6:
    resolution: {integrity: sha512-OfX7E2oUDYxtBvsuS4e/jSn4Q9Qb6DzgeYtsAdkPZ47znpoNsMgZw0+tVijiv3uGNR6dgNlty6r9rzIzHjtd/A==}
    dev: false

  /@jridgewell/sourcemap-codec@1.4.15:
    resolution: {integrity: sha512-eF2rxCRulEKXHTRiDrDy6erMYWqNw4LPdQ8UQA4huuxaQsVeRPFl2oM8oDGxMFhJUWZf9McpLtJasDDZb/Bpeg==}
    dev: true

  /@nodelib/fs.scandir@2.1.5:
    resolution: {integrity: sha512-vq24Bq3ym5HEQm2NKCr3yXDwjc7vTsEThRDnkp2DK9p1uqLR+DHurm/NOTo0KG7HYHU7eppKZj3MyqYuMBf62g==}
    engines: {node: '>= 8'}
    dependencies:
      '@nodelib/fs.stat': 2.0.5
      run-parallel: 1.2.0
    dev: true

  /@nodelib/fs.stat@2.0.5:
    resolution: {integrity: sha512-RkhPPp2zrqDAQA/2jNhnztcPAlv64XdhIp7a7454A5ovI7Bukxgt7MX7udwAu3zg1DcpPU0rz3VV1SeaqvY4+A==}
    engines: {node: '>= 8'}
    dev: true

  /@nodelib/fs.walk@1.2.8:
    resolution: {integrity: sha512-oGB+UxlgWcgQkgwo8GcEGwemoTFt3FIO9ababBmaGwXIoBKZ+GTy0pP185beGg7Llih/NSHSV2XAs1lnznocSg==}
    engines: {node: '>= 8'}
    dependencies:
      '@nodelib/fs.scandir': 2.1.5
      fastq: 1.15.0
    dev: true

  /@rollup/pluginutils@5.0.5:
    resolution: {integrity: sha512-6aEYR910NyP73oHiJglti74iRyOwgFU4x3meH/H8OJx6Ry0j6cOVZ5X/wTvub7G7Ao6qaHBEaNsV3GLJkSsF+Q==}
    engines: {node: '>=14.0.0'}
    peerDependencies:
      rollup: ^1.20.0||^2.0.0||^3.0.0||^4.0.0
    peerDependenciesMeta:
      rollup:
        optional: true
    dependencies:
      '@types/estree': 1.0.3
      estree-walker: 2.0.2
      picomatch: 2.3.1
    dev: true

  /@sxzz/popperjs-es@2.11.7:
    resolution: {integrity: sha512-Ccy0NlLkzr0Ex2FKvh2X+OyERHXJ88XJ1MXtsI9y9fGexlaXaVTPzBCRBwIxFkORuOb+uBqeu+RqnpgYTEZRUQ==}
    dev: false

  /@types/estree@1.0.3:
    resolution: {integrity: sha512-CS2rOaoQ/eAgAfcTfq6amKG7bsN+EMcgGY4FAFQdvSj2y1ixvOZTUA9mOtCai7E1SYu283XNw7urKK30nP3wkQ==}
    dev: true

  /@types/lodash-es@4.17.10:
    resolution: {integrity: sha512-YJP+w/2khSBwbUSFdGsSqmDvmnN3cCKoPOL7Zjle6s30ZtemkkqhjVfFqGwPN7ASil5VyjE2GtyU/yqYY6mC0A==}
    dependencies:
      '@types/lodash': 4.14.200
    dev: false

  /@types/lodash@4.14.200:
    resolution: {integrity: sha512-YI/M/4HRImtNf3pJgbF+W6FrXovqj+T+/HpENLTooK9PnkacBsDpeP3IpHab40CClUfhNmdM2WTNP2sa2dni5Q==}
    dev: false

  /@types/web-bluetooth@0.0.16:
    resolution: {integrity: sha512-oh8q2Zc32S6gd/j50GowEjKLoOVOwHP/bWVjKJInBwQqdOYMdPrf1oVlelTlyfFK3CKxL1uahMDAr+vy8T7yMQ==}
    dev: false

  /@vitejs/plugin-vue@2.3.2(vite@2.9.8)(vue@3.2.33):
    resolution: {integrity: sha512-umyypfSHS4kQLdYAnJHhaASq7FRzNCdvcRoQ3uYGNk1/M4a+hXUd7ysN7BLhCrWH6uBokyCkFeUAaFDzSaaSrQ==}
    engines: {node: '>=12.0.0'}
    peerDependencies:
      vite: ^2.5.10
      vue: ^3.2.25
    dependencies:
      vite: 2.9.8
      vue: 3.2.33
    dev: true

  /@vue/compiler-core@3.2.33:
    resolution: {integrity: sha512-AAmr52ji3Zhk7IKIuigX2osWWsb2nQE5xsdFYjdnmtQ4gymmqXbjLvkSE174+fF3A3kstYrTgGkqgOEbsdLDpw==}
    dependencies:
      '@babel/parser': 7.17.10
      '@vue/shared': 3.2.33
      estree-walker: 2.0.2
      source-map: 0.6.1

  /@vue/compiler-dom@3.2.33:
    resolution: {integrity: sha512-GhiG1C8X98Xz9QUX/RlA6/kgPBWJkjq0Rq6//5XTAGSYrTMBgcLpP9+CnlUg1TFxnnCVughAG+KZl28XJqw8uQ==}
    dependencies:
      '@vue/compiler-core': 3.2.33
      '@vue/shared': 3.2.33

  /@vue/compiler-sfc@3.2.33:
    resolution: {integrity: sha512-H8D0WqagCr295pQjUYyO8P3IejM3vEzeCO1apzByAEaAR/WimhMYczHfZVvlCE/9yBaEu/eu9RdiWr0kF8b71Q==}
    dependencies:
      '@babel/parser': 7.17.10
      '@vue/compiler-core': 3.2.33
      '@vue/compiler-dom': 3.2.33
      '@vue/compiler-ssr': 3.2.33
      '@vue/reactivity-transform': 3.2.33
      '@vue/shared': 3.2.33
      estree-walker: 2.0.2
      magic-string: 0.25.9
      postcss: 8.4.13
      source-map: 0.6.1

  /@vue/compiler-ssr@3.2.33:
    resolution: {integrity: sha512-XQh1Xdk3VquDpXsnoCd7JnMoWec9CfAzQDQsaMcSU79OrrO2PNR0ErlIjm/mGq3GmBfkQjzZACV+7GhfRB8xMQ==}
    dependencies:
      '@vue/compiler-dom': 3.2.33
      '@vue/shared': 3.2.33

  /@vue/reactivity-transform@3.2.33:
    resolution: {integrity: sha512-4UL5KOIvSQb254aqenW4q34qMXbfZcmEsV/yVidLUgvwYQQ/D21bGX3DlgPUGI3c4C+iOnNmDCkIxkILoX/Pyw==}
    dependencies:
      '@babel/parser': 7.17.10
      '@vue/compiler-core': 3.2.33
      '@vue/shared': 3.2.33
      estree-walker: 2.0.2
      magic-string: 0.25.9

  /@vue/reactivity@3.2.33:
    resolution: {integrity: sha512-62Sq0mp9/0bLmDuxuLD5CIaMG2susFAGARLuZ/5jkU1FCf9EDbwUuF+BO8Ub3Rbodx0ziIecM/NsmyjardBxfQ==}
    dependencies:
      '@vue/shared': 3.2.33

  /@vue/runtime-core@3.2.33:
    resolution: {integrity: sha512-N2D2vfaXsBPhzCV3JsXQa2NECjxP3eXgZlFqKh4tgakp3iX6LCGv76DLlc+IfFZq+TW10Y8QUfeihXOupJ1dGw==}
    dependencies:
      '@vue/reactivity': 3.2.33
      '@vue/shared': 3.2.33

  /@vue/runtime-dom@3.2.33:
    resolution: {integrity: sha512-LSrJ6W7CZTSUygX5s8aFkraDWlO6K4geOwA3quFF2O+hC3QuAMZt/0Xb7JKE3C4JD4pFwCSO7oCrZmZ0BIJUnw==}
    dependencies:
      '@vue/runtime-core': 3.2.33
      '@vue/shared': 3.2.33
      csstype: 2.6.20

  /@vue/server-renderer@3.2.33(vue@3.2.33):
    resolution: {integrity: sha512-4jpJHRD4ORv8PlbYi+/MfP8ec1okz6rybe36MdpkDrGIdEItHEUyaHSKvz+ptNEyQpALmmVfRteHkU9F8vxOew==}
    peerDependencies:
      vue: 3.2.33
    dependencies:
      '@vue/compiler-ssr': 3.2.33
      '@vue/shared': 3.2.33
      vue: 3.2.33

  /@vue/shared@3.2.33:
    resolution: {integrity: sha512-UBc1Pg1T3yZ97vsA2ueER0F6GbJebLHYlEi4ou1H5YL4KWvMOOWwpYo9/QpWq93wxKG6Wo13IY74Hcn/f7c7Bg==}

  /@vueuse/core@9.13.0(vue@3.2.33):
    resolution: {integrity: sha512-pujnclbeHWxxPRqXWmdkKV5OX4Wk4YeK7wusHqRwU0Q7EFusHoqNA/aPhB6KCh9hEqJkLAJo7bb0Lh9b+OIVzw==}
    dependencies:
      '@types/web-bluetooth': 0.0.16
      '@vueuse/metadata': 9.13.0
      '@vueuse/shared': 9.13.0(vue@3.2.33)
      vue-demi: 0.14.6(vue@3.2.33)
    transitivePeerDependencies:
      - '@vue/composition-api'
      - vue
    dev: false

  /@vueuse/metadata@9.13.0:
    resolution: {integrity: sha512-gdU7TKNAUVlXXLbaF+ZCfte8BjRJQWPCa2J55+7/h+yDtzw3vOoGQDRXzI6pyKyo6bXFT5/QoPE4hAknExjRLQ==}
    dev: false

  /@vueuse/shared@9.13.0(vue@3.2.33):
    resolution: {integrity: sha512-UrnhU+Cnufu4S6JLCPZnkWh0WwZGUp72ktOF2DFptMlOs3TOdVv8xJN53zhHGARmVOsz5KqOls09+J1NR6sBKw==}
    dependencies:
      vue-demi: 0.14.6(vue@3.2.33)
    transitivePeerDependencies:
      - '@vue/composition-api'
      - vue
    dev: false

  /acorn@8.11.2:
    resolution: {integrity: sha512-nc0Axzp/0FILLEVsm4fNwLCwMttvhEI263QtVPQcbpfZZ3ts0hLsZGOpE6czNlid7CJ9MlyH8reXkpsf3YUY4w==}
    engines: {node: '>=0.4.0'}
    hasBin: true
    dev: true

  /anymatch@3.1.3:
    resolution: {integrity: sha512-KMReFUr0B4t+D+OBkjR3KYqvocp2XaSzO55UcB6mgQMd3KbcE+mWTyvVV7D/zsdEbNnV6acZUutkiHQXvTr1Rw==}
    engines: {node: '>= 8'}
    dependencies:
      normalize-path: 3.0.0
      picomatch: 2.3.1
    dev: true

  /async-validator@4.2.5:
    resolution: {integrity: sha512-7HhHjtERjqlNbZtqNqy2rckN/SpOOlmDliet+lP7k+eKZEjPk3DgyeU9lIXLdeLz0uBbbVp+9Qdow9wJWgwwfg==}
    dev: false

  /balanced-match@1.0.2:
    resolution: {integrity: sha512-3oSeUO0TMV67hN1AmbXsK4yaqU7tjiHlbxRDZOpH0KW9+CeX4bRAaX0Anxt0tx2MrpRpWwQaPwIlISEJhYU5Pw==}
    dev: true

  /binary-extensions@2.2.0:
    resolution: {integrity: sha512-jDctJ/IVQbZoJykoeHbhXpOlNBqGNcwXJKJog42E5HDPUwQTSdjCHdihjj0DlnheQ7blbT6dHOafNAiS8ooQKA==}
    engines: {node: '>=8'}
    dev: true

  /brace-expansion@2.0.1:
    resolution: {integrity: sha512-XnAIvQ8eM+kC6aULx6wuQiwVsnzsi9d3WxzV3FpWTGA19F621kwdbsAcFKXgKUHZWsy+mY6iL1sHTxWEFCytDA==}
    dependencies:
      balanced-match: 1.0.2
    dev: true

  /braces@3.0.2:
    resolution: {integrity: sha512-b8um+L1RzM3WDSzvhm6gIz1yfTbBt6YTlcEKAvsmqCZZFw46z626lVj9j1yEPW33H5H+lBQpZMP1k8l+78Ha0A==}
    engines: {node: '>=8'}
    dependencies:
      fill-range: 7.0.1
    dev: true

  /chokidar@3.5.3:
    resolution: {integrity: sha512-Dr3sfKRP6oTcjf2JmUmFJfeVMvXBdegxB0iVQ5eb2V10uFJUCAS8OByZdVAyVb8xXNz3GjjTgj9kLWsZTqE6kw==}
    engines: {node: '>= 8.10.0'}
    dependencies:
      anymatch: 3.1.3
      braces: 3.0.2
      glob-parent: 5.1.2
      is-binary-path: 2.1.0
      is-glob: 4.0.3
      normalize-path: 3.0.0
      readdirp: 3.6.0
    optionalDependencies:
      fsevents: 2.3.2
    dev: true

  /csstype@2.6.20:
    resolution: {integrity: sha512-/WwNkdXfckNgw6S5R125rrW8ez139lBHWouiBvX8dfMFtcn6V81REDqnH7+CRpRipfYlyU1CmOnOxrmGcFOjeA==}

  /dayjs@1.11.10:
    resolution: {integrity: sha512-vjAczensTgRcqDERK0SR2XMwsF/tSvnvlv6VcF2GIhg6Sx4yOIt/irsr1RDJsKiIyBzJDpCoXiWWq28MqH2cnQ==}
    dev: false

  /debug@4.3.4:
    resolution: {integrity: sha512-PRWFHuSU3eDtQJPvnNY7Jcket1j0t5OuOsFzPPzsekD52Zl8qUfFIPEiswXqIvHWGVHOgX+7G/vCNNhehwxfkQ==}
    engines: {node: '>=6.0'}
    peerDependencies:
      supports-color: '*'
    peerDependenciesMeta:
      supports-color:
        optional: true
    dependencies:
      ms: 2.1.2
    dev: true

  /diff-match-patch@1.0.5:
    resolution: {integrity: sha512-IayShXAgj/QMXgB0IWmKx+rOPuGMhqm5w6jvFxmVenXKIzRqTAAsbBPT3kWQeGANj3jGgvcvv4yK6SxqYmikgw==}
    dev: false

  /element-plus@2.4.1(vue@3.2.33):
    resolution: {integrity: sha512-t7nl+vQlkBKVk1Ag6AufSDyFV8YIXxTFsaya4Nz/0tiRlcz65WPN4WMFeNURuFJleu1HLNtP4YyQKMuS7El8uA==}
    peerDependencies:
      vue: ^3.2.0
    dependencies:
      '@ctrl/tinycolor': 3.6.1
      '@element-plus/icons-vue': 2.1.0(vue@3.2.33)
      '@floating-ui/dom': 1.5.3
      '@popperjs/core': /@sxzz/popperjs-es@2.11.7
      '@types/lodash': 4.14.200
      '@types/lodash-es': 4.17.10
      '@vueuse/core': 9.13.0(vue@3.2.33)
      async-validator: 4.2.5
      dayjs: 1.11.10
      escape-html: 1.0.3
      lodash: 4.17.21
      lodash-es: 4.17.21
      lodash-unified: 1.0.3(@types/lodash-es@4.17.10)(lodash-es@4.17.21)(lodash@4.17.21)
      memoize-one: 6.0.0
      normalize-wheel-es: 1.2.0
      vue: 3.2.33
    transitivePeerDependencies:
      - '@vue/composition-api'
    dev: false

  /es-module-lexer@1.3.1:
    resolution: {integrity: sha512-JUFAyicQV9mXc3YRxPnDlrfBKpqt6hUYzz9/boprUJHs4e4KVr3XwOF70doO6gwXUor6EWZJAyWAfKki84t20Q==}
    dev: true

  /esbuild-android-64@0.14.38:
    resolution: {integrity: sha512-aRFxR3scRKkbmNuGAK+Gee3+yFxkTJO/cx83Dkyzo4CnQl/2zVSurtG6+G86EQIZ+w+VYngVyK7P3HyTBKu3nw==}
    engines: {node: '>=12'}
    cpu: [x64]
    os: [android]
    requiresBuild: true
    dev: true
    optional: true

  /esbuild-android-arm64@0.14.38:
    resolution: {integrity: sha512-L2NgQRWuHFI89IIZIlpAcINy9FvBk6xFVZ7xGdOwIm8VyhX1vNCEqUJO3DPSSy945Gzdg98cxtNt8Grv1CsyhA==}
    engines: {node: '>=12'}
    cpu: [arm64]
    os: [android]
    requiresBuild: true
    dev: true
    optional: true

  /esbuild-darwin-64@0.14.38:
    resolution: {integrity: sha512-5JJvgXkX87Pd1Og0u/NJuO7TSqAikAcQQ74gyJ87bqWRVeouky84ICoV4sN6VV53aTW+NE87qLdGY4QA2S7KNA==}
    engines: {node: '>=12'}
    cpu: [x64]
    os: [darwin]
    requiresBuild: true
    dev: true
    optional: true

  /esbuild-darwin-arm64@0.14.38:
    resolution: {integrity: sha512-eqF+OejMI3mC5Dlo9Kdq/Ilbki9sQBw3QlHW3wjLmsLh+quNfHmGMp3Ly1eWm981iGBMdbtSS9+LRvR2T8B3eQ==}
    engines: {node: '>=12'}
    cpu: [arm64]
    os: [darwin]
    requiresBuild: true
    dev: true
    optional: true

  /esbuild-freebsd-64@0.14.38:
    resolution: {integrity: sha512-epnPbhZUt93xV5cgeY36ZxPXDsQeO55DppzsIgWM8vgiG/Rz+qYDLmh5ts3e+Ln1wA9dQ+nZmVHw+RjaW3I5Ig==}
    engines: {node: '>=12'}
    cpu: [x64]
    os: [freebsd]
    requiresBuild: true
    dev: true
    optional: true

  /esbuild-freebsd-arm64@0.14.38:
    resolution: {integrity: sha512-/9icXUYJWherhk+y5fjPI5yNUdFPtXHQlwP7/K/zg8t8lQdHVj20SqU9/udQmeUo5pDFHMYzcEFfJqgOVeKNNQ==}
    engines: {node: '>=12'}
    cpu: [arm64]
    os: [freebsd]
    requiresBuild: true
    dev: true
    optional: true

  /esbuild-linux-32@0.14.38:
    resolution: {integrity: sha512-QfgfeNHRFvr2XeHFzP8kOZVnal3QvST3A0cgq32ZrHjSMFTdgXhMhmWdKzRXP/PKcfv3e2OW9tT9PpcjNvaq6g==}
    engines: {node: '>=12'}
    cpu: [ia32]
    os: [linux]
    requiresBuild: true
    dev: true
    optional: true

  /esbuild-linux-64@0.14.38:
    resolution: {integrity: sha512-uuZHNmqcs+Bj1qiW9k/HZU3FtIHmYiuxZ/6Aa+/KHb/pFKr7R3aVqvxlAudYI9Fw3St0VCPfv7QBpUITSmBR1Q==}
    engines: {node: '>=12'}
    cpu: [x64]
    os: [linux]
    requiresBuild: true
    dev: true
    optional: true

  /esbuild-linux-arm64@0.14.38:
    resolution: {integrity: sha512-HlMGZTEsBrXrivr64eZ/EO0NQM8H8DuSENRok9d+Jtvq8hOLzrxfsAT9U94K3KOGk2XgCmkaI2KD8hX7F97lvA==}
    engines: {node: '>=12'}
    cpu: [arm64]
    os: [linux]
    requiresBuild: true
    dev: true
    optional: true

  /esbuild-linux-arm@0.14.38:
    resolution: {integrity: sha512-FiFvQe8J3VKTDXG01JbvoVRXQ0x6UZwyrU4IaLBZeq39Bsbatd94Fuc3F1RGqPF5RbIWW7RvkVQjn79ejzysnA==}
    engines: {node: '>=12'}
    cpu: [arm]
    os: [linux]
    requiresBuild: true
    dev: true
    optional: true

  /esbuild-linux-mips64le@0.14.38:
    resolution: {integrity: sha512-qd1dLf2v7QBiI5wwfil9j0HG/5YMFBAmMVmdeokbNAMbcg49p25t6IlJFXAeLzogv1AvgaXRXvgFNhScYEUXGQ==}
    engines: {node: '>=12'}
    cpu: [mips64el]
    os: [linux]
    requiresBuild: true
    dev: true
    optional: true

  /esbuild-linux-ppc64le@0.14.38:
    resolution: {integrity: sha512-mnbEm7o69gTl60jSuK+nn+pRsRHGtDPfzhrqEUXyCl7CTOCLtWN2bhK8bgsdp6J/2NyS/wHBjs1x8aBWwP2X9Q==}
    engines: {node: '>=12'}
    cpu: [ppc64]
    os: [linux]
    requiresBuild: true
    dev: true
    optional: true

  /esbuild-linux-riscv64@0.14.38:
    resolution: {integrity: sha512-+p6YKYbuV72uikChRk14FSyNJZ4WfYkffj6Af0/Tw63/6TJX6TnIKE+6D3xtEc7DeDth1fjUOEqm+ApKFXbbVQ==}
    engines: {node: '>=12'}
    cpu: [riscv64]
    os: [linux]
    requiresBuild: true
    dev: true
    optional: true

  /esbuild-linux-s390x@0.14.38:
    resolution: {integrity: sha512-0zUsiDkGJiMHxBQ7JDU8jbaanUY975CdOW1YDrurjrM0vWHfjv9tLQsW9GSyEb/heSK1L5gaweRjzfUVBFoybQ==}
    engines: {node: '>=12'}
    cpu: [s390x]
    os: [linux]
    requiresBuild: true
    dev: true
    optional: true

  /esbuild-netbsd-64@0.14.38:
    resolution: {integrity: sha512-cljBAApVwkpnJZfnRVThpRBGzCi+a+V9Ofb1fVkKhtrPLDYlHLrSYGtmnoTVWDQdU516qYI8+wOgcGZ4XIZh0Q==}
    engines: {node: '>=12'}
    cpu: [x64]
    os: [netbsd]
    requiresBuild: true
    dev: true
    optional: true

  /esbuild-openbsd-64@0.14.38:
    resolution: {integrity: sha512-CDswYr2PWPGEPpLDUO50mL3WO/07EMjnZDNKpmaxUPsrW+kVM3LoAqr/CE8UbzugpEiflYqJsGPLirThRB18IQ==}
    engines: {node: '>=12'}
    cpu: [x64]
    os: [openbsd]
    requiresBuild: true
    dev: true
    optional: true

  /esbuild-sunos-64@0.14.38:
    resolution: {integrity: sha512-2mfIoYW58gKcC3bck0j7lD3RZkqYA7MmujFYmSn9l6TiIcAMpuEvqksO+ntBgbLep/eyjpgdplF7b+4T9VJGOA==}
    engines: {node: '>=12'}
    cpu: [x64]
    os: [sunos]
    requiresBuild: true
    dev: true
    optional: true

  /esbuild-windows-32@0.14.38:
    resolution: {integrity: sha512-L2BmEeFZATAvU+FJzJiRLFUP+d9RHN+QXpgaOrs2klshoAm1AE6Us4X6fS9k33Uy5SzScn2TpcgecbqJza1Hjw==}
    engines: {node: '>=12'}
    cpu: [ia32]
    os: [win32]
    requiresBuild: true
    dev: true
    optional: true

  /esbuild-windows-64@0.14.38:
    resolution: {integrity: sha512-Khy4wVmebnzue8aeSXLC+6clo/hRYeNIm0DyikoEqX+3w3rcvrhzpoix0S+MF9vzh6JFskkIGD7Zx47ODJNyCw==}
    engines: {node: '>=12'}
    cpu: [x64]
    os: [win32]
    requiresBuild: true
    dev: true
    optional: true

  /esbuild-windows-arm64@0.14.38:
    resolution: {integrity: sha512-k3FGCNmHBkqdJXuJszdWciAH77PukEyDsdIryEHn9cKLQFxzhT39dSumeTuggaQcXY57UlmLGIkklWZo2qzHpw==}
    engines: {node: '>=12'}
    cpu: [arm64]
    os: [win32]
    requiresBuild: true
    dev: true
    optional: true

  /esbuild@0.14.38:
    resolution: {integrity: sha512-12fzJ0fsm7gVZX1YQ1InkOE5f9Tl7cgf6JPYXRJtPIoE0zkWAbHdPHVPPaLi9tYAcEBqheGzqLn/3RdTOyBfcA==}
    engines: {node: '>=12'}
    hasBin: true
    requiresBuild: true
    optionalDependencies:
      esbuild-android-64: 0.14.38
      esbuild-android-arm64: 0.14.38
      esbuild-darwin-64: 0.14.38
      esbuild-darwin-arm64: 0.14.38
      esbuild-freebsd-64: 0.14.38
      esbuild-freebsd-arm64: 0.14.38
      esbuild-linux-32: 0.14.38
      esbuild-linux-64: 0.14.38
      esbuild-linux-arm: 0.14.38
      esbuild-linux-arm64: 0.14.38
      esbuild-linux-mips64le: 0.14.38
      esbuild-linux-ppc64le: 0.14.38
      esbuild-linux-riscv64: 0.14.38
      esbuild-linux-s390x: 0.14.38
      esbuild-netbsd-64: 0.14.38
      esbuild-openbsd-64: 0.14.38
      esbuild-sunos-64: 0.14.38
      esbuild-windows-32: 0.14.38
      esbuild-windows-64: 0.14.38
      esbuild-windows-arm64: 0.14.38
    dev: true

  /escape-html@1.0.3:
    resolution: {integrity: sha512-NiSupZ4OeuGwr68lGIeym/ksIZMJodUGOSCZ/FSnTxcrekbvqrgdUxlJOMpijaKZVjAJrWrGs/6Jy8OMuyj9ow==}
    dev: false

  /escape-string-regexp@5.0.0:
    resolution: {integrity: sha512-/veY75JbMK4j1yjvuUxuVsiS/hr/4iHs9FTT6cgTexxdE0Ly/glccBAkloH/DofkjRbZU3bnoj38mOmhkZ0lHw==}
    engines: {node: '>=12'}
    dev: true

  /estree-walker@2.0.2:
    resolution: {integrity: sha512-Rfkk/Mp/DL7JVje3u18FxFujQlTNR2q6QfMSMB7AvCBx91NGj/ba3kCfza0f6dVDbw7YlRf/nDrn7pQrCCyQ/w==}

  /fast-glob@3.3.1:
    resolution: {integrity: sha512-kNFPyjhh5cKjrUltxs+wFx+ZkbRaxxmZ+X0ZU31SOsxCEtP9VPgtq2teZw1DebupL5GmDaNQ6yKMMVcM41iqDg==}
    engines: {node: '>=8.6.0'}
    dependencies:
      '@nodelib/fs.stat': 2.0.5
      '@nodelib/fs.walk': 1.2.8
      glob-parent: 5.1.2
      merge2: 1.4.1
      micromatch: 4.0.5
    dev: true

  /fastq@1.15.0:
    resolution: {integrity: sha512-wBrocU2LCXXa+lWBt8RoIRD89Fi8OdABODa/kEnyeyjS5aZO5/GNvI5sEINADqP/h8M29UHTHUb53sUu5Ihqdw==}
    dependencies:
      reusify: 1.0.4
    dev: true

  /fill-range@7.0.1:
    resolution: {integrity: sha512-qOo9F+dMUmC2Lcb4BbVvnKJxTPjCm+RRpe4gDuGrzkL7mEVl/djYSu2OdQ2Pa302N4oqkSg9ir6jaLWJ2USVpQ==}
    engines: {node: '>=8'}
    dependencies:
      to-regex-range: 5.0.1
    dev: true

  /fsevents@2.3.2:
    resolution: {integrity: sha512-xiqMQR4xAeHTuB9uWm+fFRcIOgKBMiOBP+eXiyT7jsgVCq1bkVygt00oASowB7EdtpOHaaPgKt812P9ab+DDKA==}
    engines: {node: ^8.16.0 || ^10.6.0 || >=11.0.0}
    os: [darwin]
    requiresBuild: true
    dev: true
    optional: true

  /function-bind@1.1.1:
    resolution: {integrity: sha512-yIovAzMX49sF8Yl58fSCWJ5svSLuaibPxXQJFLmBObTuCr0Mf1KiPopGM9NiFjiYBCbfaa2Fh6breQ6ANVTI0A==}
    dev: true

  /function-bind@1.1.2:
    resolution: {integrity: sha512-7XHNxH7qX9xG5mIwxkhumTox/MIRNcOgDrxWsMt2pAr23WHp6MrRlN7FBSFpCpr+oVO0F744iUgR82nJMfG2SA==}
    dev: true

  /glob-parent@5.1.2:
    resolution: {integrity: sha512-AOIgSQCepiJYwP3ARnGx+5VnTu2HBYdzbGP45eLw1vr3zB3vZLeyed1sC9hnbcOc9/SrMyM5RPQrkGz4aS9Zow==}
    engines: {node: '>= 6'}
    dependencies:
      is-glob: 4.0.3
    dev: true

  /has@1.0.3:
    resolution: {integrity: sha512-f2dvO0VU6Oej7RkWJGrehjbzMAjFp5/VKPp5tTpWIV4JHHZK1/BxbFRtf/siA2SWTe09caDmVtYYzWEIbBS4zw==}
    engines: {node: '>= 0.4.0'}
    dependencies:
      function-bind: 1.1.1
    dev: true

  /hasown@2.0.0:
    resolution: {integrity: sha512-vUptKVTpIJhcczKBbgnS+RtcuYMB8+oNzPK2/Hp3hanz8JmpATdmmgLgSaadVREkDm+e2giHwY3ZRkyjSIDDFA==}
    engines: {node: '>= 0.4'}
    dependencies:
      function-bind: 1.1.2
    dev: true

  /is-binary-path@2.1.0:
    resolution: {integrity: sha512-ZMERYes6pDydyuGidse7OsHxtbI7WVeUEozgR/g7rd0xUimYNlvZRE/K2MgZTjWy725IfelLeVcEM97mmtRGXw==}
    engines: {node: '>=8'}
    dependencies:
      binary-extensions: 2.2.0
    dev: true

  /is-core-module@2.13.1:
    resolution: {integrity: sha512-hHrIjvZsftOsvKSn2TRYl63zvxsgE0K+0mYMoH6gD4omR5IWB2KynivBQczo3+wF1cCkjzvptnI9Q0sPU66ilw==}
    dependencies:
      hasown: 2.0.0
    dev: true

  /is-core-module@2.9.0:
    resolution: {integrity: sha512-+5FPy5PnwmO3lvfMb0AsoPaBG+5KHUI0wYFXOtYPnVVVspTFUuMZNfNaNVRt3FZadstu2c8x23vykRW/NBoU6A==}
    dependencies:
      has: 1.0.3
    dev: true

  /is-extglob@2.1.1:
    resolution: {integrity: sha512-SbKbANkN603Vi4jEZv49LeVJMn4yGwsbzZworEoyEiutsN3nJYdbO36zfhGJ6QEDpOZIFkDtnq5JRxmvl3jsoQ==}
    engines: {node: '>=0.10.0'}
    dev: true

  /is-glob@4.0.3:
    resolution: {integrity: sha512-xelSayHH36ZgE7ZWhli7pW34hNbNl8Ojv5KVmkJD4hBdD3th8Tfk9vYasLM+mXWOZhFkgZfxhLSnrwRr4elSSg==}
    engines: {node: '>=0.10.0'}
    dependencies:
      is-extglob: 2.1.1
    dev: true

  /is-number@7.0.0:
    resolution: {integrity: sha512-41Cifkg6e8TylSpdtTpeLVMqvSBEVzTttHvERD741+pnZ8ANv0004MRL43QKPDlK9cGvNp6NZWZUBlbGXYxxng==}
    engines: {node: '>=0.12.0'}
    dev: true

  /jsonc-parser@3.2.0:
    resolution: {integrity: sha512-gfFQZrcTc8CnKXp6Y4/CBT3fTc0OVuDofpre4aEeEpSBPV5X5v4+Vmx+8snU7RLPrNHPKSgLxGo9YuQzz20o+w==}
    dev: true

  /local-pkg@0.4.3:
    resolution: {integrity: sha512-SFppqq5p42fe2qcZQqqEOiVRXl+WCP1MdT6k7BDEW1j++sp5fIY+/fdRQitvKgB5BrBcmrs5m/L0v2FrU5MY1g==}
    engines: {node: '>=14'}
    dev: true

  /local-pkg@0.5.0:
    resolution: {integrity: sha512-ok6z3qlYyCDS4ZEU27HaU6x/xZa9Whf8jD4ptH5UZTQYZVYeb9bnZ3ojVhiJNLiXK1Hfc0GNbLXcmZ5plLDDBg==}
    engines: {node: '>=14'}
    dependencies:
      mlly: 1.4.2
      pkg-types: 1.0.3
    dev: true

  /lodash-es@4.17.21:
    resolution: {integrity: sha512-mKnC+QJ9pWVzv+C4/U3rRsHapFfHvQFoFB92e52xeyGMcX6/OlIl78je1u8vePzYZSkkogMPJ2yjxxsb89cxyw==}
    dev: false

  /lodash-unified@1.0.3(@types/lodash-es@4.17.10)(lodash-es@4.17.21)(lodash@4.17.21):
    resolution: {integrity: sha512-WK9qSozxXOD7ZJQlpSqOT+om2ZfcT4yO+03FuzAHD0wF6S0l0090LRPDx3vhTTLZ8cFKpBn+IOcVXK6qOcIlfQ==}
    peerDependencies:
      '@types/lodash-es': '*'
      lodash: '*'
      lodash-es: '*'
    dependencies:
      '@types/lodash-es': 4.17.10
      lodash: 4.17.21
      lodash-es: 4.17.21
    dev: false

  /lodash@4.17.21:
    resolution: {integrity: sha512-v2kDEe57lecTulaDIuNTPy3Ry4gLGJ6Z1O3vE1krgXZNrsQ+LFTGHVxVjcXPs17LhbZVGedAJv8XZ1tvj5FvSg==}
    dev: false

  /magic-string@0.25.9:
    resolution: {integrity: sha512-RmF0AsMzgt25qzqqLc1+MbHmhdx0ojF2Fvs4XnOqz2ZOBXzzkEwc/dJQZCYHAn7v1jbVOjAZfK8msRn4BxO4VQ==}
    dependencies:
      sourcemap-codec: 1.4.8

  /magic-string@0.30.5:
    resolution: {integrity: sha512-7xlpfBaQaP/T6Vh8MO/EqXSW5En6INHEvEXQiuff7Gku0PWjU3uf6w/j9o7O+SpB5fOAkrI5HeoNgwjEO0pFsA==}
    engines: {node: '>=12'}
    dependencies:
      '@jridgewell/sourcemap-codec': 1.4.15
    dev: true

  /memoize-one@6.0.0:
    resolution: {integrity: sha512-rkpe71W0N0c0Xz6QD0eJETuWAJGnJ9afsl1srmwPrI+yBCkge5EycXXbYRyvL29zZVUWQCY7InPRCv3GDXuZNw==}
    dev: false

  /merge2@1.4.1:
    resolution: {integrity: sha512-8q7VEgMJW4J8tcfVPy8g09NcQwZdbwFEqhe/WZkoIzjn/3TGDwtOCYtXGxA3O8tPzpczCCDgv+P2P5y00ZJOOg==}
    engines: {node: '>= 8'}
    dev: true

  /micromatch@4.0.5:
    resolution: {integrity: sha512-DMy+ERcEW2q8Z2Po+WNXuw3c5YaUSFjAO5GsJqfEl7UjvtIuFKO6ZrKvcItdy98dwFI2N1tg3zNIdKaQT+aNdA==}
    engines: {node: '>=8.6'}
    dependencies:
      braces: 3.0.2
      picomatch: 2.3.1
    dev: true

  /minimatch@9.0.3:
    resolution: {integrity: sha512-RHiac9mvaRw0x3AYRgDC1CxAP7HTcNrrECeA8YYJeWnpo+2Q5CegtZjaotWTWxDG3UeGA1coE05iH1mPjT/2mg==}
    engines: {node: '>=16 || 14 >=14.17'}
    dependencies:
      brace-expansion: 2.0.1
    dev: true

  /mlly@1.4.2:
    resolution: {integrity: sha512-i/Ykufi2t1EZ6NaPLdfnZk2AX8cs0d+mTzVKuPfqPKPatxLApaBoxJQ9x1/uckXtrS/U5oisPMDkNs0yQTaBRg==}
    dependencies:
      acorn: 8.11.2
      pathe: 1.1.1
      pkg-types: 1.0.3
      ufo: 1.3.1
    dev: true

  /ms@2.1.2:
    resolution: {integrity: sha512-sGkPx+VjMtmA6MX27oA4FBFELFCZZ4S4XqeGOXCv68tT+jb3vk/RyaKWP0PTKyWtmLSM0b+adUTEvbs1PEaH2w==}
    dev: true

  /nanoid@3.3.4:
    resolution: {integrity: sha512-MqBkQh/OHTS2egovRtLk45wEyNXwF+cokD+1YPf9u5VfJiRdAiRwB2froX5Co9Rh20xs4siNPm8naNotSD6RBw==}
    engines: {node: ^10 || ^12 || ^13.7 || ^14 || >=15.0.1}
    hasBin: true

  /normalize-path@3.0.0:
    resolution: {integrity: sha512-6eZs5Ls3WtCisHWp9S2GUy8dqkpGi4BVSz3GaqiE6ezub0512ESztXUwUB6C6IKbQkY2Pnb/mD4WYojCRwcwLA==}
    engines: {node: '>=0.10.0'}
    dev: true

  /normalize-wheel-es@1.2.0:
    resolution: {integrity: sha512-Wj7+EJQ8mSuXr2iWfnujrimU35R2W4FAErEyTmJoJ7ucwTn2hOUSsRehMb5RSYkxXGTM7Y9QpvPmp++w5ftoJw==}
    dev: false

  /path-parse@1.0.7:
    resolution: {integrity: sha512-LDJzPVEEEPR+y48z93A0Ed0yXb8pAByGWo/k5YYdYgpY2/2EsOsksJrq7lOHxryrVOn1ejG6oAp8ahvOIQD8sw==}
    dev: true

  /pathe@1.1.1:
    resolution: {integrity: sha512-d+RQGp0MAYTIaDBIMmOfMwz3E+LOZnxx1HZd5R18mmCZY0QBlK0LDZfPc8FW8Ed2DlvsuE6PRjroDY+wg4+j/Q==}
    dev: true

  /picocolors@1.0.0:
    resolution: {integrity: sha512-1fygroTLlHu66zi26VoTDv8yRgm0Fccecssto+MhsZ0D/DGW2sm8E8AjW7NU5VVTRt5GxbeZ5qBuJr+HyLYkjQ==}

  /picomatch@2.3.1:
    resolution: {integrity: sha512-JU3teHTNjmE2VCGFzuY8EXzCDVwEqB2a8fsIvwaStHhAWJEeVd1o1QD80CU6+ZdEXXSLbSsuLwJjkCBWqRQUVA==}
    engines: {node: '>=8.6'}
    dev: true

  /pkg-types@1.0.3:
    resolution: {integrity: sha512-nN7pYi0AQqJnoLPC9eHFQ8AcyaixBUOwvqc5TDnIKCMEE6I0y8P7OKA7fPexsXGCGxQDl/cmrLAp26LhcwxZ4A==}
    dependencies:
      jsonc-parser: 3.2.0
      mlly: 1.4.2
      pathe: 1.1.1
    dev: true

  /postcss@8.4.13:
    resolution: {integrity: sha512-jtL6eTBrza5MPzy8oJLFuUscHDXTV5KcLlqAWHl5q5WYRfnNRGSmOZmOZ1T6Gy7A99mOZfqungmZMpMmCVJ8ZA==}
    engines: {node: ^10 || ^12 || >=14}
    dependencies:
      nanoid: 3.3.4
      picocolors: 1.0.0
      source-map-js: 1.0.2

  /queue-microtask@1.2.3:
    resolution: {integrity: sha512-NuaNSa6flKT5JaSYQzJok04JzTL1CA6aGhv5rfLW3PgqA+M2ChpZQnAC8h8i4ZFkBS8X5RqkDBHA7r4hej3K9A==}
    dev: true

  /readdirp@3.6.0:
    resolution: {integrity: sha512-hOS089on8RduqdbhvQ5Z37A0ESjsqz6qnRcffsMU3495FuTdqSm+7bhJ29JvIOsBDEEnan5DPu9t3To9VRlMzA==}
    engines: {node: '>=8.10.0'}
    dependencies:
      picomatch: 2.3.1
    dev: true

  /resolve@1.22.0:
    resolution: {integrity: sha512-Hhtrw0nLeSrFQ7phPp4OOcVjLPIeMnRlr5mcnVuMe7M/7eBn98A3hmFRLoFo3DLZkivSYwhRUJTyPyWAk56WLw==}
    hasBin: true
    dependencies:
      is-core-module: 2.9.0
      path-parse: 1.0.7
      supports-preserve-symlinks-flag: 1.0.0
    dev: true

  /resolve@1.22.8:
    resolution: {integrity: sha512-oKWePCxqpd6FlLvGV1VU0x7bkPmmCNolxzjMf4NczoDnQcIWrAF+cPtZn5i6n+RfD2d9i0tzpKnG6Yk168yIyw==}
    hasBin: true
    dependencies:
      is-core-module: 2.13.1
      path-parse: 1.0.7
      supports-preserve-symlinks-flag: 1.0.0
    dev: true

  /reusify@1.0.4:
    resolution: {integrity: sha512-U9nH88a3fc/ekCF1l0/UP1IosiuIjyTh7hBvXVMHYgVcfGvt897Xguj2UOLDeI5BG2m7/uwyaLVT6fbtCwTyzw==}
    engines: {iojs: '>=1.0.0', node: '>=0.10.0'}
    dev: true

  /rollup@2.72.0:
    resolution: {integrity: sha512-KqtR2YcO35/KKijg4nx4STO3569aqCUeGRkKWnJ6r+AvBBrVY9L4pmf4NHVrQr4mTOq6msbohflxr2kpihhaOA==}
    engines: {node: '>=10.0.0'}
    hasBin: true
    optionalDependencies:
      fsevents: 2.3.2
    dev: true

  /run-parallel@1.2.0:
    resolution: {integrity: sha512-5l4VyZR86LZ/lDxZTR6jqL8AFE2S0IFLMP26AbjsLVADxHdhB/c0GUsH+y39UfCi3dzz8OlQuPmnaJOMoDHQBA==}
    dependencies:
      queue-microtask: 1.2.3
    dev: true

  /scule@1.0.0:
    resolution: {integrity: sha512-4AsO/FrViE/iDNEPaAQlb77tf0csuq27EsVpy6ett584EcRTp6pTDLoGWVxCD77y5iU5FauOvhsI4o1APwPoSQ==}
    dev: true

  /source-map-js@1.0.2:
    resolution: {integrity: sha512-R0XvVJ9WusLiqTCEiGCmICCMplcCkIwwR11mOSD9CR5u+IXYdiseeEuXCVAjS54zqwkLcPNnmU4OeJ6tUrWhDw==}
    engines: {node: '>=0.10.0'}

  /source-map@0.6.1:
    resolution: {integrity: sha512-UjgapumWlbMhkBgzT7Ykc5YXUT46F0iKu8SGXq0bcwP5dz/h0Plj6enJqjz1Zbq2l5WaqYnrVbwWOWMyF3F47g==}
    engines: {node: '>=0.10.0'}

  /sourcemap-codec@1.4.8:
    resolution: {integrity: sha512-9NykojV5Uih4lgo5So5dtw+f0JgJX30KCNI8gwhz2J9A15wD0Ml6tjHKwf6fTSa6fAdVBdZeNOs9eJ71qCk8vA==}

  /strip-literal@1.3.0:
    resolution: {integrity: sha512-PugKzOsyXpArk0yWmUwqOZecSO0GH0bPoctLcqNDH9J04pVW3lflYE0ujElBGTloevcxF5MofAOZ7C5l2b+wLg==}
    dependencies:
      acorn: 8.11.2
    dev: true

  /supports-preserve-symlinks-flag@1.0.0:
    resolution: {integrity: sha512-ot0WnXS9fgdkgIcePe6RHNk1WA8+muPa6cSjeR3V8K27q9BB1rTE3R1p7Hv0z1ZyAc8s6Vvv8DIyWf681MAt0w==}
    engines: {node: '>= 0.4'}
    dev: true

  /to-fast-properties@2.0.0:
    resolution: {integrity: sha512-/OaKK0xYrs3DmxRYqL/yDc+FxFUVYhDlXMhRmv3z915w2HF1tnN1omB354j8VUGO/hbRzyD6Y3sA7v7GS/ceog==}
    engines: {node: '>=4'}

  /to-regex-range@5.0.1:
    resolution: {integrity: sha512-65P7iz6X5yEr1cwcgvQxbbIw7Uk3gOy5dIdtZ4rDveLqhrdJP+Li/Hx6tyK0NEb+2GCyneCMJiGqrADCSNk8sQ==}
    engines: {node: '>=8.0'}
    dependencies:
      is-number: 7.0.0
    dev: true

  /ufo@1.3.1:
    resolution: {integrity: sha512-uY/99gMLIOlJPwATcMVYfqDSxUR9//AUcgZMzwfSTJPDKzA1S8mX4VLqa+fiAtveraQUBCz4FFcwVZBGbwBXIw==}
    dev: true

  /unimport@3.4.0:
    resolution: {integrity: sha512-M/lfFEgufIT156QAr/jWHLUn55kEmxBBiQsMxvRSIbquwmeJEyQYgshHDEvQDWlSJrVOOTAgnJ3FvlsrpGkanA==}
    dependencies:
      '@rollup/pluginutils': 5.0.5
      escape-string-regexp: 5.0.0
      fast-glob: 3.3.1
      local-pkg: 0.4.3
      magic-string: 0.30.5
      mlly: 1.4.2
      pathe: 1.1.1
      pkg-types: 1.0.3
      scule: 1.0.0
      strip-literal: 1.3.0
      unplugin: 1.5.0
    transitivePeerDependencies:
      - rollup
    dev: true

  /unplugin-auto-import@0.16.7:
    resolution: {integrity: sha512-w7XmnRlchq6YUFJVFGSvG1T/6j8GrdYN6Em9Wf0Ye+HXgD/22kont+WnuCAA0UaUoxtuvRR1u/mXKy63g/hfqQ==}
    engines: {node: '>=14'}
    peerDependencies:
      '@nuxt/kit': ^3.2.2
      '@vueuse/core': '*'
    peerDependenciesMeta:
      '@nuxt/kit':
        optional: true
      '@vueuse/core':
        optional: true
    dependencies:
      '@antfu/utils': 0.7.6
      '@rollup/pluginutils': 5.0.5
      fast-glob: 3.3.1
      local-pkg: 0.5.0
      magic-string: 0.30.5
      minimatch: 9.0.3
      unimport: 3.4.0
      unplugin: 1.5.0
    transitivePeerDependencies:
      - rollup
    dev: true

  /unplugin-element-plus@0.8.0:
    resolution: {integrity: sha512-jByUGY3FG2B8RJKFryqxx4eNtSTj+Hjlo8edcOdJymewndDQjThZ1pRUQHRjQsbKhTV2jEctJV7t7RJ405UL4g==}
    engines: {node: '>=14.19.0'}
    dependencies:
      '@rollup/pluginutils': 5.0.5
      es-module-lexer: 1.3.1
      magic-string: 0.30.5
      unplugin: 1.5.0
    transitivePeerDependencies:
      - rollup
    dev: true

  /unplugin-vue-components@0.25.2(vue@3.2.33):
    resolution: {integrity: sha512-OVmLFqILH6w+eM8fyt/d/eoJT9A6WO51NZLf1vC5c1FZ4rmq2bbGxTy8WP2Jm7xwFdukaIdv819+UI7RClPyCA==}
    engines: {node: '>=14'}
    peerDependencies:
      '@babel/parser': ^7.15.8
      '@nuxt/kit': ^3.2.2
      vue: 2 || 3
    peerDependenciesMeta:
      '@babel/parser':
        optional: true
      '@nuxt/kit':
        optional: true
    dependencies:
      '@antfu/utils': 0.7.6
      '@rollup/pluginutils': 5.0.5
      chokidar: 3.5.3
      debug: 4.3.4
      fast-glob: 3.3.1
      local-pkg: 0.4.3
      magic-string: 0.30.5
      minimatch: 9.0.3
      resolve: 1.22.8
      unplugin: 1.5.0
      vue: 3.2.33
    transitivePeerDependencies:
      - rollup
      - supports-color
    dev: true

  /unplugin@1.5.0:
    resolution: {integrity: sha512-9ZdRwbh/4gcm1JTOkp9lAkIDrtOyOxgHmY7cjuwI8L/2RTikMcVG25GsZwNAgRuap3iDw2jeq7eoqtAsz5rW3A==}
    dependencies:
      acorn: 8.11.2
      chokidar: 3.5.3
      webpack-sources: 3.2.3
      webpack-virtual-modules: 0.5.0
    dev: true

  /vditor@3.9.6:
    resolution: {integrity: sha512-97sPNHnBpfEFnk5WARCpmdKxgUiPtp0/fPLAUmzZ+axFFf7kExWHRNIUO7OTQzEUMJP/rcXESQTlYGhgKYrsOQ==}
    dependencies:
      diff-match-patch: 1.0.5
    dev: false

  /vite@2.9.8:
    resolution: {integrity: sha512-zsBGwn5UT3YS0NLSJ7hnR54+vUKfgzMUh/Z9CxF1YKEBVIe213+63jrFLmZphgGI5zXwQCSmqIdbPuE8NJywPw==}
    engines: {node: '>=12.2.0'}
    hasBin: true
    peerDependencies:
      less: '*'
      sass: '*'
      stylus: '*'
    peerDependenciesMeta:
      less:
        optional: true
      sass:
        optional: true
      stylus:
        optional: true
    dependencies:
      esbuild: 0.14.38
      postcss: 8.4.13
      resolve: 1.22.0
      rollup: 2.72.0
    optionalDependencies:
      fsevents: 2.3.2
    dev: true

  /vue-demi@0.14.6(vue@3.2.33):
    resolution: {integrity: sha512-8QA7wrYSHKaYgUxDA5ZC24w+eHm3sYCbp0EzcDwKqN3p6HqtTCGR/GVsPyZW92unff4UlcSh++lmqDWN3ZIq4w==}
    engines: {node: '>=12'}
    hasBin: true
    requiresBuild: true
    peerDependencies:
      '@vue/composition-api': ^1.0.0-rc.1
      vue: ^3.0.0-0 || ^2.6.0
    peerDependenciesMeta:
      '@vue/composition-api':
        optional: true
    dependencies:
      vue: 3.2.33
    dev: false

  /vue@3.2.33:
    resolution: {integrity: sha512-si1ExAlDUrLSIg/V7D/GgA4twJwfsfgG+t9w10z38HhL/HA07132pUQ2KuwAo8qbCyMJ9e6OqrmWrOCr+jW7ZQ==}
    dependencies:
      '@vue/compiler-dom': 3.2.33
      '@vue/compiler-sfc': 3.2.33
      '@vue/runtime-dom': 3.2.33
      '@vue/server-renderer': 3.2.33(vue@3.2.33)
      '@vue/shared': 3.2.33

  /webpack-sources@3.2.3:
    resolution: {integrity: sha512-/DyMEOrDgLKKIG0fmvtz+4dUX/3Ghozwgm6iPp8KRhvn+eQf9+Q7GWxVNMk3+uCPWfdXYC4ExGBckIXdFEfH1w==}
    engines: {node: '>=10.13.0'}
    dev: true

  /webpack-virtual-modules@0.5.0:
    resolution: {integrity: sha512-kyDivFZ7ZM0BVOUteVbDFhlRt7Ah/CSPwJdi8hBpkK7QLumUqdLtVfm/PX/hkcnrvr0i77fO5+TjZ94Pe+C9iw==}
    dev: true
